
Microsoft Visual Studio Solution File, Format Version 12.00
# Visual Studio Version 17
VisualStudioVersion = 17.8.34408.163
MinimumVisualStudioVersion = 10.0.40219.1
Project("{FAE04EC0-301F-11D3-BF4B-00C04F79EFBC}") = "MVCProjectDay2G", "MVCProjectDay2G\MVCProjectDay2G.csproj", "{9E329936-A36B-4CB3-A983-063370347770}"
EndProject
Global
	GlobalSection(SolutionConfigurationPlatforms) = preSolution
		Debug|Any CPU = Debug|Any CPU
		Release|Any CPU = Release|Any CPU
	EndGlobalSection
	GlobalSection(ProjectConfigurationPlatforms) = postSolution
		{9E329936-A36B-4CB3-A983-063370347770}.Debug|Any CPU.ActiveCfg = Debug|Any CPU
		{9E329936-A36B-4CB3-A983-063370347770}.Debug|Any CPU.Build.0 = Debug|Any CPU
		{9E329936-A36B-4CB3-A983-063370347770}.Release|Any CPU.ActiveCfg = Release|Any CPU
		{9E329936-A36B-4CB3-A983-063370347770}.Release|Any CPU.Build.0 = Release|Any CPU
	EndGlobalSection
	GlobalSection(SolutionProperties) = preSolution
		HideSolutionNode = FALSE
	EndGlobalSection
	GlobalSection(ExtensibilityGlobals) = postSolution
		SolutionGuid = {451B64CB-B66E-4057-9924-FD446DE86F50}
	EndGlobalSection
EndGlobal
